
Microsoft Visual Studio Solution File, Format Version 12.00
# Visual Studio 15
VisualStudioVersion = 15.0.28307.136
MinimumVisualStudioVersion = 10.0.40219.1
Project("{FAE04EC0-301F-11D3-BF4B-00C04F79EFBC}") = "CalcJurosCompostos", "CalcJurosCompostos\CalcJurosCompostos.csproj", "{BF546E8D-43A6-46BC-B383-78584B324F43}"
EndProject
Project("{FAE04EC0-301F-11D3-BF4B-00C04F79EFBC}") = "CalcJurosCompostos.Tests", "CalcJurosCompostos.Tests\CalcJurosCompostos.Tests.csproj", "{95CD71CD-94C2-4F24-BC59-BFA5124520D1}"
EndProject
Global
	GlobalSection(SolutionConfigurationPlatforms) = preSolution
		Debug|Any CPU = Debug|Any CPU
		Release|Any CPU = Release|Any CPU
	EndGlobalSection
	GlobalSection(ProjectConfigurationPlatforms) = postSolution
		{BF546E8D-43A6-46BC-B383-78584B324F43}.Debug|Any CPU.ActiveCfg = Debug|Any CPU
		{BF546E8D-43A6-46BC-B383-78584B324F43}.Debug|Any CPU.Build.0 = Debug|Any CPU
		{BF546E8D-43A6-46BC-B383-78584B324F43}.Release|Any CPU.ActiveCfg = Release|Any CPU
		{BF546E8D-43A6-46BC-B383-78584B324F43}.Release|Any CPU.Build.0 = Release|Any CPU
		{95CD71CD-94C2-4F24-BC59-BFA5124520D1}.Debug|Any CPU.ActiveCfg = Debug|Any CPU
		{95CD71CD-94C2-4F24-BC59-BFA5124520D1}.Debug|Any CPU.Build.0 = Debug|Any CPU
		{95CD71CD-94C2-4F24-BC59-BFA5124520D1}.Release|Any CPU.ActiveCfg = Release|Any CPU
		{95CD71CD-94C2-4F24-BC59-BFA5124520D1}.Release|Any CPU.Build.0 = Release|Any CPU
	EndGlobalSection
	GlobalSection(SolutionProperties) = preSolution
		HideSolutionNode = FALSE
	EndGlobalSection
	GlobalSection(ExtensibilityGlobals) = postSolution
		SolutionGuid = {7F15C6AC-49C9-4B9A-8B7A-A64F1C1D7FA9}
	EndGlobalSection
EndGlobal
